
Microsoft Visual Studio Solution File, Format Version 12.00
# Visual Studio 15
VisualStudioVersion = 15.0.28307.438
MinimumVisualStudioVersion = 10.0.40219.1
Project("{FAE04EC0-301F-11D3-BF4B-00C04F79EFBC}") = "LabelMaker", "LabelMaker\LabelMaker.csproj", "{B8FABD06-E7E4-444C-BC8D-AF84C21CF768}"
EndProject
Project("{2150E333-8FDC-42A3-9474-1A3956D46DE8}") = "Solution Items", "Solution Items", "{1AED8021-4B48-48B5-BC46-0EEB400DE3AB}"
EndProject
Global
	GlobalSection(SolutionConfigurationPlatforms) = preSolution
		Debug|Any CPU = Debug|Any CPU
		Release|Any CPU = Release|Any CPU
	EndGlobalSection
	GlobalSection(ProjectConfigurationPlatforms) = postSolution
		{B8FABD06-E7E4-444C-BC8D-AF84C21CF768}.Debug|Any CPU.ActiveCfg = Debug|Any CPU
		{B8FABD06-E7E4-444C-BC8D-AF84C21CF768}.Debug|Any CPU.Build.0 = Debug|Any CPU
		{B8FABD06-E7E4-444C-BC8D-AF84C21CF768}.Release|Any CPU.ActiveCfg = Release|Any CPU
		{B8FABD06-E7E4-444C-BC8D-AF84C21CF768}.Release|Any CPU.Build.0 = Release|Any CPU
	EndGlobalSection
	GlobalSection(SolutionProperties) = preSolution
		HideSolutionNode = FALSE
	EndGlobalSection
	GlobalSection(ExtensibilityGlobals) = postSolution
		SolutionGuid = {442949EF-5084-4360-890B-DCBF4BDDB7F0}
	EndGlobalSection
EndGlobal
